# THIS IS AN AUTOGENERATED FILE. DO NOT EDIT THIS FILE DIRECTLY.
# yarn lockfile v1


"@rescript/core@^1.1.0":
  version "1.1.0"
  resolved "https://registry.yarnpkg.com/@rescript/core/-/core-1.1.0.tgz#e228a2635665b6b6a3288f7fd58552d5c361e253"
  integrity sha512-pz/CL8+9hBUTeMpUouvZohNsa5rqIwurlXoa1CZWN0ZKuWjMVjaoQ3V+0NB72J/QBbs6/8W82VABKBaDn3fGCA==

"@xmldom/xmldom@^0.8.3":
  version "0.8.10"
  resolved "https://registry.yarnpkg.com/@xmldom/xmldom/-/xmldom-0.8.10.tgz#a1337ca426aa61cef9fe15b5b28e340a72f6fa99"
  integrity sha512-2WALfTl4xo2SkGCYRt6rDTFfk9R1czmBvUQy12gK2KuRKIpWEhcbbzy8EZXtz/jkRqHX8bFEc6FC1HjX4TUWYw==

"@yomguithereal/helpers@^1.1.1":
  version "1.1.1"
  resolved "https://registry.yarnpkg.com/@yomguithereal/helpers/-/helpers-1.1.1.tgz#185dfb0f88ca2beec53d0adf6eed15c33b1c549d"
  integrity sha512-UYvAq/XCA7xoh1juWDYsq3W0WywOB+pz8cgVnE1b45ZfdMhBvHDrgmSFG3jXeZSr2tMTYLGHFHON+ekG05Jebg==

events@^3.3.0:
  version "3.3.0"
  resolved "https://registry.yarnpkg.com/events/-/events-3.3.0.tgz#31a95ad0a924e2d2c419a813aeb2c4e878ea7400"
  integrity sha512-mQw+2fkQbALzQ7V0MY0IqdnXNOeTtP4r0lN9z7AAawCXgqea7bDii20AYrIBrFd/Hx0M2Ocz6S111CaFkUcb0Q==

graphology-generators@^0.11.2:
  version "0.11.2"
  resolved "https://registry.yarnpkg.com/graphology-generators/-/graphology-generators-0.11.2.tgz#eff2c97e4f5bf401e86ab045470dded95f2ebe24"
  integrity sha512-hx+F0OZRkVdoQ0B1tWrpxoakmHZNex0c6RAoR0PrqJ+6fz/gz6CQ88Qlw78C6yD9nlZVRgepIoDYhRTFV+bEHg==
  dependencies:
    graphology-metrics "^2.0.0"
    graphology-utils "^2.3.0"

graphology-gexf@^0.13.0:
  version "0.13.0"
  resolved "https://registry.yarnpkg.com/graphology-gexf/-/graphology-gexf-0.13.0.tgz#9d734c6bfa91a6dcceacd6b29e7d6dbaa81dbd8e"
  integrity sha512-MW14uHocDdYO5GERwfr4Oj1/9zc4kcyf3mG79LTEfu/+zIs7fwZhCfF1Rh6zyn6BdjQbHWJ3Sk2NRDlEGdXfxA==
  dependencies:
    "@xmldom/xmldom" "^0.8.3"
    graphology-utils "^2.4.1"
    xml-writer "^1.7.0"

graphology-indices@^0.17.0:
  version "0.17.0"
  resolved "https://registry.yarnpkg.com/graphology-indices/-/graphology-indices-0.17.0.tgz#b93ad32162ff8b09814547aedb101248f0fcbd2e"
  integrity sha512-A7RXuKQvdqSWOpn7ZVQo4S33O0vCfPBnUSf7FwE0zNCasqwZVUaCXePuWo5HBpWw68KJcwObZDHpFk6HKH6MYQ==
  dependencies:
    graphology-utils "^2.4.2"
    mnemonist "^0.39.0"

graphology-layout@^0.6.1:
  version "0.6.1"
  resolved "https://registry.yarnpkg.com/graphology-layout/-/graphology-layout-0.6.1.tgz#e7c1d65c022e337b11c977e2d30abe4076a0327d"
  integrity sha512-m9aMvbd0uDPffUCFPng5ibRkb2pmfNvdKjQWeZrf71RS1aOoat5874+DcyNfMeCT4aQguKC7Lj9eCbqZj/h8Ag==
  dependencies:
    graphology-utils "^2.3.0"
    pandemonium "^2.4.0"

graphology-metrics@^2.0.0:
  version "2.2.0"
  resolved "https://registry.yarnpkg.com/graphology-metrics/-/graphology-metrics-2.2.0.tgz#1ac3c19c9167e7a361cb602534caac5076152203"
  integrity sha512-eZZFRLGGyyI+iD+XwQvc+lLM3EKCoqUvVjvF/14Htgy4grB2m95OytToYq3saWuHfuf22VVnj9GBHv/pTzKuTw==
  dependencies:
    graphology-shortest-path "^2.0.0"
    graphology-utils "^2.4.4"
    mnemonist "^0.39.0"

graphology-shortest-path@^2.0.0, graphology-shortest-path@^2.0.2:
  version "2.0.2"
  resolved "https://registry.yarnpkg.com/graphology-shortest-path/-/graphology-shortest-path-2.0.2.tgz#01385d2c0452ead890da2203b30d00177397678e"
  integrity sha512-hlGvh4Yb1Vmd2J7wT8Q8+t4RQ6Tx+9wRYm0/fZB9PZJ4uW3nml5kJ7yXZ2+JYWT+7wLLmY5mg3o9bLSAWmv/jQ==
  dependencies:
    "@yomguithereal/helpers" "^1.1.1"
    graphology-indices "^0.17.0"
    graphology-utils "^2.4.3"
    mnemonist "^0.39.0"

graphology-simple-path@^0.2.0:
  version "0.2.0"
  resolved "https://registry.yarnpkg.com/graphology-simple-path/-/graphology-simple-path-0.2.0.tgz#f98070e3204ab33ac28a2a8263adb357c0406a04"
  integrity sha512-4cGMWbVuJM0zlKDUx6dS6JGGLddizDPe8PsTokXVz2eTeHYg07qa5TgwIco15ta2RMM05+xy8N1mFnpS85y0kw==
  dependencies:
    graphology-utils "^1.8.0"
    mnemonist "^0.39.0"

graphology-svg@^0.1.3:
  version "0.1.3"
  resolved "https://registry.yarnpkg.com/graphology-svg/-/graphology-svg-0.1.3.tgz#706da58b2f42943070a393cfeb09ddd6172e6f81"
  integrity sha512-bvsLnL9pIElvWgr/nPYKsqLWE1VPqG6wTFolmS9DxkAr9256hqzlb1ATfDGn52iyljJb+HTu9z6XMHrfRJ4Ggg==
  dependencies:
    graphology-utils "^2.3.0"

graphology-traversal@^0.3.1:
  version "0.3.1"
  resolved "https://registry.yarnpkg.com/graphology-traversal/-/graphology-traversal-0.3.1.tgz#d4342a7093b4d4dab0f9130949166d1a85467bcc"
  integrity sha512-lGLrLKEDKtNgAKgHVhVftKf3cb/nuWwuVPQZHXRnN90JWn0RSjco/s+NB2ARSlMapEMlbnPgv6j++427yTnU3Q==
  dependencies:
    graphology-indices "^0.17.0"
    graphology-utils "^2.0.0"

graphology-utils@^1.8.0:
  version "1.8.0"
  resolved "https://registry.yarnpkg.com/graphology-utils/-/graphology-utils-1.8.0.tgz#41315c468656e2a3e028a76468bbc2fbe42b0145"
  integrity sha512-Pa7SW30OMm8fVtyH49b3GJ/uxlMHGfXly50wIhlcc7ZoX9ahZa7sPBz+obo4WZClrRV6wh3tIu0GJoI42eao1A==

graphology-utils@^2.0.0, graphology-utils@^2.3.0, graphology-utils@^2.4.1, graphology-utils@^2.4.2, graphology-utils@^2.4.3, graphology-utils@^2.4.4:
  version "2.5.2"
  resolved "https://registry.yarnpkg.com/graphology-utils/-/graphology-utils-2.5.2.tgz#4d30d6e567d27c01f105e1494af816742e8d2440"
  integrity sha512-ckHg8MXrXJkOARk56ZaSCM1g1Wihe2d6iTmz1enGOz4W/l831MBCKSayeFQfowgF8wd+PQ4rlch/56Vs/VZLDQ==

graphology@^0.25.4:
  version "0.25.4"
  resolved "https://registry.yarnpkg.com/graphology/-/graphology-0.25.4.tgz#e528a64555ac1f392a9d965321ada5b2b843efe1"
  integrity sha512-33g0Ol9nkWdD6ulw687viS8YJQBxqG5LWII6FI6nul0pq6iM2t5EKquOTFDbyTblRB3O9I+7KX4xI8u5ffekAQ==
  dependencies:
    events "^3.3.0"
    obliterator "^2.0.2"

mnemonist@^0.39.0, mnemonist@^0.39.2:
  version "0.39.8"
  resolved "https://registry.yarnpkg.com/mnemonist/-/mnemonist-0.39.8.tgz#9078cd8386081afd986cca34b52b5d84ea7a4d38"
  integrity sha512-vyWo2K3fjrUw8YeeZ1zF0fy6Mu59RHokURlld8ymdUPjMlD9EC9ov1/YPqTgqRvUN9nTr3Gqfz29LYAmu0PHPQ==
  dependencies:
    obliterator "^2.0.1"

obliterator@^2.0.1, obliterator@^2.0.2:
  version "2.0.4"
  resolved "https://registry.yarnpkg.com/obliterator/-/obliterator-2.0.4.tgz#fa650e019b2d075d745e44f1effeb13a2adbe816"
  integrity sha512-lgHwxlxV1qIg1Eap7LgIeoBWIMFibOjbrYPIPJZcI1mmGAI2m3lNYpK12Y+GBdPQ0U1hRwSord7GIaawz962qQ==

pandemonium@^2.4.0:
  version "2.4.1"
  resolved "https://registry.yarnpkg.com/pandemonium/-/pandemonium-2.4.1.tgz#bd51ca72184c6ae135f9049a33c8605bfdb9574d"
  integrity sha512-wRqjisUyiUfXowgm7MFH2rwJzKIr20rca5FsHXCMNm1W5YPP1hCtrZfgmQ62kP7OZ7Xt+cR858aB28lu5NX55g==
  dependencies:
    mnemonist "^0.39.2"

rescript-nodejs@^16.1.0:
  version "16.1.0"
  resolved "https://registry.yarnpkg.com/rescript-nodejs/-/rescript-nodejs-16.1.0.tgz#2278d8880d9e4a5c46cd845d5ac4ee2bd69277ee"
  integrity sha512-RyXGIEsb8UhuShf5PwKcTkYNPz+cPQ0CZq74lbYCbCa5YFidbmiIWpQhCMtpsgP1PkLClhKGDkfZfmwwNOil4Q==

rescript@^11.1.0-rc.3:
  version "11.1.0-rc.3"
  resolved "https://registry.yarnpkg.com/rescript/-/rescript-11.1.0-rc.3.tgz#217f0938c7cdbc6908dc2f6df67861051492a071"
  integrity sha512-jELsJVEnnCI28EOD/zn9Z9yVTOFn3eLp7cgfPa+XuAPnk1fcliWwiFuUj2sUWNqdWfyN3erArhTpRyKKim9q2A==

xml-writer@^1.7.0:
  version "1.7.0"
  resolved "https://registry.yarnpkg.com/xml-writer/-/xml-writer-1.7.0.tgz#b76f1d591c16a2634ebdb703c7bdbd0fd6819065"
  integrity sha512-elFVMRiV5jb59fbc87zzVa0C01QLBEWP909mRuWqFqrYC5wNTH5QW4AaKMNv7d6zAsuOulkD7wnztZNLQW0Nfg==
