# This file is generated by running "yarn install" inside your project.
# Manual changes might be lost - proceed with caution!

__metadata:
  version: 8
  cacheKey: 10c0

"@dsiu/rescript-graphology@workspace:.":
  version: 0.0.0-use.local
  resolution: "@dsiu/rescript-graphology@workspace:."
  dependencies:
    graphology: "npm:^0.25.4"
    graphology-generators: "npm:^0.11.2"
    graphology-gexf: "npm:^0.13.1"
    graphology-layout: "npm:^0.6.1"
    graphology-shortest-path: "npm:^2.1.0"
    graphology-simple-path: "npm:^0.2.0"
    graphology-svg: "npm:^0.1.3"
    graphology-traversal: "npm:^0.3.1"
    rescript: "npm:^12.0.0-alpha.5"
    rescript-nodejs: "npm:^16.1.0"
  languageName: unknown
  linkType: soft

"@xmldom/xmldom@npm:^0.8.3":
  version: 0.8.10
  resolution: "@xmldom/xmldom@npm:0.8.10"
  checksum: 10c0/c7647c442502720182b0d65b17d45d2d95317c1c8c497626fe524bda79b4fb768a9aa4fae2da919f308e7abcff7d67c058b102a9d641097e9a57f0b80187851f
  languageName: node
  linkType: hard

"@yomguithereal/helpers@npm:^1.1.1":
  version: 1.1.1
  resolution: "@yomguithereal/helpers@npm:1.1.1"
  checksum: 10c0/a521e8e02a3902f5a33b970397158d70520bf1b79bca67db3990cb90703adaa9fc67e45c6cabfa98021202534002530e97e617adc19afa62f9e282d996513934
  languageName: node
  linkType: hard

"events@npm:^3.3.0":
  version: 3.3.0
  resolution: "events@npm:3.3.0"
  checksum: 10c0/d6b6f2adbccbcda74ddbab52ed07db727ef52e31a61ed26db9feb7dc62af7fc8e060defa65e5f8af9449b86b52cc1a1f6a79f2eafcf4e62add2b7a1fa4a432f6
  languageName: node
  linkType: hard

"graphology-generators@npm:^0.11.2":
  version: 0.11.2
  resolution: "graphology-generators@npm:0.11.2"
  dependencies:
    graphology-metrics: "npm:^2.0.0"
    graphology-utils: "npm:^2.3.0"
  peerDependencies:
    graphology-types: ">=0.19.0"
  checksum: 10c0/58187ef41ca8ba55fd4697c27354f83dc7575e9b7c3132902f2dbf10237aef4e5519ee4c6457d48a71c58e65cbc99d521fa87555e34daa3c4e49fadd90a41784
  languageName: node
  linkType: hard

"graphology-gexf@npm:^0.13.1":
  version: 0.13.2
  resolution: "graphology-gexf@npm:0.13.2"
  dependencies:
    "@xmldom/xmldom": "npm:^0.8.3"
    graphology-utils: "npm:^2.4.1"
    xml-writer: "npm:^1.7.0"
  peerDependencies:
    graphology-types: ">=0.20.0"
  checksum: 10c0/b3c1977bbc32755936556b8e18ba86bb409d6425d5fc4464d6105e4b58ff4d528050b0607b662c1599ba71632a1c846a1c9d0179c5fe97f51d564a52c6bddbe9
  languageName: node
  linkType: hard

"graphology-indices@npm:^0.17.0":
  version: 0.17.0
  resolution: "graphology-indices@npm:0.17.0"
  dependencies:
    graphology-utils: "npm:^2.4.2"
    mnemonist: "npm:^0.39.0"
  peerDependencies:
    graphology-types: ">=0.20.0"
  checksum: 10c0/e951b3c338539080567859b9e6cc0f9a35d3d0ed5597e3331fa84469d8a1ba629adf46a81f48d883a904804199f031a2abd1973b7e67fed59cc2f7987fd5e467
  languageName: node
  linkType: hard

"graphology-layout@npm:^0.6.1":
  version: 0.6.1
  resolution: "graphology-layout@npm:0.6.1"
  dependencies:
    graphology-utils: "npm:^2.3.0"
    pandemonium: "npm:^2.4.0"
  peerDependencies:
    graphology-types: ">=0.19.0"
  checksum: 10c0/006f5ef849ff8daf2e8f321f75b16a4a9217df0642750d09926cc2206d6f0b896f08fbe9c2ae2f496b67f34462028a65387ed8ca2ba247acfca718c6901830c6
  languageName: node
  linkType: hard

"graphology-metrics@npm:^2.0.0":
  version: 2.3.1
  resolution: "graphology-metrics@npm:2.3.1"
  dependencies:
    graphology-indices: "npm:^0.17.0"
    graphology-shortest-path: "npm:^2.0.0"
    graphology-utils: "npm:^2.4.4"
    mnemonist: "npm:^0.39.0"
  peerDependencies:
    graphology-types: ">=0.20.0"
  checksum: 10c0/0498a04933e94466601383c41c98ef834b07d93f24c7f19d6260e053888f1ad0585f68040dd5697807eac2ff94f61c0c8823ac19ed5181daee4a60e0f423b6d3
  languageName: node
  linkType: hard

"graphology-shortest-path@npm:^2.0.0, graphology-shortest-path@npm:^2.1.0":
  version: 2.1.0
  resolution: "graphology-shortest-path@npm:2.1.0"
  dependencies:
    "@yomguithereal/helpers": "npm:^1.1.1"
    graphology-indices: "npm:^0.17.0"
    graphology-utils: "npm:^2.4.3"
    mnemonist: "npm:^0.39.0"
  peerDependencies:
    graphology-types: ">=0.20.0"
  checksum: 10c0/7ede7a89902c6bf84c854902b076ae90c6a1e8c2535ecf19fdeac17169795b3cf367f72ae721fdf360cee501bd9ee4684dc525ae467e77babc747c0a218e05d9
  languageName: node
  linkType: hard

"graphology-simple-path@npm:^0.2.0":
  version: 0.2.0
  resolution: "graphology-simple-path@npm:0.2.0"
  dependencies:
    graphology-utils: "npm:^1.8.0"
    mnemonist: "npm:^0.39.0"
  peerDependencies:
    graphology-types: ">=0.20.0"
  checksum: 10c0/6e4dcb9447ba4e75fd63be7da2bcc942fdf4b3ad5a346f5b38a801ac24e593f15e4e3a5c41ecdd69cff2b15b993633dff6a667bc57b1f0de1daf7af14128b289
  languageName: node
  linkType: hard

"graphology-svg@npm:^0.1.3":
  version: 0.1.3
  resolution: "graphology-svg@npm:0.1.3"
  dependencies:
    graphology-utils: "npm:^2.3.0"
  checksum: 10c0/e693384ddaf4913f1e206a9b951413b3ba0063a172594ef58feb1b2816a7db1699d68df9a9997584af6bdb99983390f03d883ca330f2342d8f8254b199039a07
  languageName: node
  linkType: hard

"graphology-traversal@npm:^0.3.1":
  version: 0.3.1
  resolution: "graphology-traversal@npm:0.3.1"
  dependencies:
    graphology-indices: "npm:^0.17.0"
    graphology-utils: "npm:^2.0.0"
  peerDependencies:
    graphology-types: ">=0.20.0"
  checksum: 10c0/7332e780e053a7ed73ee8e03d480010eb179a16551130c053dd10d9a1790645d37d9f3ce4727945315e5247bb6ffbeedf3964fb8eff2b2c0b7bb9ff7272670a9
  languageName: node
  linkType: hard

"graphology-utils@npm:^1.8.0":
  version: 1.8.0
  resolution: "graphology-utils@npm:1.8.0"
  peerDependencies:
    graphology-types: ">=0.19.0"
  checksum: 10c0/7737be19f260585368bba5e96377123be7e5e243de561479a59ae97f037be2a6301001fd75306728955cca26a904be27a560ca182cbad0cefc2229cc8dbfb58c
  languageName: node
  linkType: hard

"graphology-utils@npm:^2.0.0, graphology-utils@npm:^2.3.0, graphology-utils@npm:^2.4.1, graphology-utils@npm:^2.4.2, graphology-utils@npm:^2.4.3, graphology-utils@npm:^2.4.4":
  version: 2.5.2
  resolution: "graphology-utils@npm:2.5.2"
  peerDependencies:
    graphology-types: ">=0.23.0"
  checksum: 10c0/5817142b3b1fa677e9dc8f2a4ff71e52c36dbb02ecd02a73cd2299b5958336da33835b2a729f087251c37d66aaa1ab4ff119e17f4959e88eeb551cc09e5880fc
  languageName: node
  linkType: hard

"graphology@npm:^0.25.4":
  version: 0.25.4
  resolution: "graphology@npm:0.25.4"
  dependencies:
    events: "npm:^3.3.0"
    obliterator: "npm:^2.0.2"
  peerDependencies:
    graphology-types: ">=0.24.0"
  checksum: 10c0/b650a43619ccd9201ab02bafcbbcca2e2c4de646b22659ff660ad0669b4a2df3a5afb2f38a9135b3753b748cf2e897acfe9a34f0f3324362d9cd522282d41937
  languageName: node
  linkType: hard

"mnemonist@npm:^0.39.0, mnemonist@npm:^0.39.2":
  version: 0.39.8
  resolution: "mnemonist@npm:0.39.8"
  dependencies:
    obliterator: "npm:^2.0.1"
  checksum: 10c0/fa810768d290919c4ecd3f8ba5c8458bc45df08d1c72fac8f3897721cd90ab42ee1c642cc5208cfd649d40222998dc011127702117c0ca676f243cc80f42cc11
  languageName: node
  linkType: hard

"obliterator@npm:^2.0.1, obliterator@npm:^2.0.2":
  version: 2.0.4
  resolution: "obliterator@npm:2.0.4"
  checksum: 10c0/ff2c10d4de7d62cd1d588b4d18dfc42f246c9e3a259f60d5716f7f88e5b3a3f79856b3207db96ec9a836a01d0958a21c15afa62a3f4e73a1e0b75f2c2f6bab40
  languageName: node
  linkType: hard

"pandemonium@npm:^2.4.0":
  version: 2.4.1
  resolution: "pandemonium@npm:2.4.1"
  dependencies:
    mnemonist: "npm:^0.39.2"
  checksum: 10c0/af46e158e41ba1823884e4f0e224d35dc9bf38ece217ce73e29096b7aae466a865759bfd1ac82ad19dfe88b9c3cbf5334c5a4c23b90d675b58afd5093b6badca
  languageName: node
  linkType: hard

"rescript-nodejs@npm:^16.1.0":
  version: 16.1.0
  resolution: "rescript-nodejs@npm:16.1.0"
  checksum: 10c0/2ea271dbddebdceec79bf5ee6089c15474f2c014cb22c1cc39d43ef27fd363fcb1cd8e1244d0cb998cd6b426d7474e3055e41277951fb01ee1eeecf68bbe01ab
  languageName: node
  linkType: hard

"rescript@npm:^12.0.0-alpha.5":
  version: 12.0.0-alpha.5
  resolution: "rescript@npm:12.0.0-alpha.5"
  bin:
    bsc: cli/bsc
    bstracing: lib/bstracing
    rescript: cli/rescript
    rescript-tools: cli/rescript-tools
    rewatch: cli/rewatch
  checksum: 10c0/49977ce3bf4f016e8f00fa5b769d0fff100b8a425fb2bd1a8e4cb3fc35dfd2dd7928e06e514ea53f0f44a8c1e61bf26901280719568deee96a88c964ba74bc5b
  languageName: node
  linkType: hard

"xml-writer@npm:^1.7.0":
  version: 1.7.0
  resolution: "xml-writer@npm:1.7.0"
  checksum: 10c0/c5bd044aff27bbe3c6e7d9808711b3eb216799147aa6860071061e7942cee1639224e59873afcafa223a94d851e34a4297694bfd6b3de140b66b440bdb3c31fb
  languageName: node
  linkType: hard
